
Microsoft Visual Studio Solution File, Format Version 12.00
# Visual Studio Version 16
VisualStudioVersion = 16.0.32228.343
MinimumVisualStudioVersion = 10.0.40219.1
Project("{FAE04EC0-301F-11D3-BF4B-00C04F79EFBC}") = "basicLearner", "basicLearner\basicLearner.csproj", "{FB21EB98-26DF-445A-B421-356BD82CB157}"
EndProject
Global
	GlobalSection(SolutionConfigurationPlatforms) = preSolution
		Debug|Any CPU = Debug|Any CPU
		Release|Any CPU = Release|Any CPU
	EndGlobalSection
	GlobalSection(ProjectConfigurationPlatforms) = postSolution
		{FB21EB98-26DF-445A-B421-356BD82CB157}.Debug|Any CPU.ActiveCfg = Debug|Any CPU
		{FB21EB98-26DF-445A-B421-356BD82CB157}.Debug|Any CPU.Build.0 = Debug|Any CPU
		{FB21EB98-26DF-445A-B421-356BD82CB157}.Release|Any CPU.ActiveCfg = Release|Any CPU
		{FB21EB98-26DF-445A-B421-356BD82CB157}.Release|Any CPU.Build.0 = Release|Any CPU
	EndGlobalSection
	GlobalSection(SolutionProperties) = preSolution
		HideSolutionNode = FALSE
	EndGlobalSection
	GlobalSection(ExtensibilityGlobals) = postSolution
		SolutionGuid = {EB9792EB-155F-4039-8582-875A1914B935}
	EndGlobalSection
EndGlobal
